
Microsoft Visual Studio Solution File, Format Version 12.00
# Visual Studio 15
VisualStudioVersion = 15.0.26206.0
MinimumVisualStudioVersion = 10.0.40219.1
Project("{FAE04EC0-301F-11D3-BF4B-00C04F79EFBC}") = "Formatting", "Formatting\Formatting.csproj", "{3A36131A-5112-4A6E-9CEB-FB031A0BF81B}"
EndProject
Global
	GlobalSection(SolutionConfigurationPlatforms) = preSolution
		Debug|Any CPU = Debug|Any CPU
		Release|Any CPU = Release|Any CPU
	EndGlobalSection
	GlobalSection(ProjectConfigurationPlatforms) = postSolution
		{3A36131A-5112-4A6E-9CEB-FB031A0BF81B}.Debug|Any CPU.ActiveCfg = Debug|Any CPU
		{3A36131A-5112-4A6E-9CEB-FB031A0BF81B}.Debug|Any CPU.Build.0 = Debug|Any CPU
		{3A36131A-5112-4A6E-9CEB-FB031A0BF81B}.Release|Any CPU.ActiveCfg = Release|Any CPU
		{3A36131A-5112-4A6E-9CEB-FB031A0BF81B}.Release|Any CPU.Build.0 = Release|Any CPU
	EndGlobalSection
	GlobalSection(SolutionProperties) = preSolution
		HideSolutionNode = FALSE
	EndGlobalSection
EndGlobal
