
Microsoft Visual Studio Solution File, Format Version 11.00
# Visual Studio 2010
# SharpDevelop 5.1
Project("{FAE04EC0-301F-11D3-BF4B-00C04F79EFBC}") = "First_app", "First_app\First_app.csproj", "{ACDC210E-A80E-4227-B96C-C4468B0ADC9A}"
EndProject
Global
	GlobalSection(SolutionConfigurationPlatforms) = preSolution
		Debug|Any CPU = Debug|Any CPU
		Release|Any CPU = Release|Any CPU
	EndGlobalSection
	GlobalSection(ProjectConfigurationPlatforms) = postSolution
		{ACDC210E-A80E-4227-B96C-C4468B0ADC9A}.Debug|Any CPU.ActiveCfg = Debug|Any CPU
		{ACDC210E-A80E-4227-B96C-C4468B0ADC9A}.Debug|Any CPU.Build.0 = Debug|Any CPU
		{ACDC210E-A80E-4227-B96C-C4468B0ADC9A}.Release|Any CPU.ActiveCfg = Release|Any CPU
		{ACDC210E-A80E-4227-B96C-C4468B0ADC9A}.Release|Any CPU.Build.0 = Release|Any CPU
	EndGlobalSection
EndGlobal
